// !$*UTF8*$!
{
	archiveVersion = 1;
	classes = {
	};
	objectVersion = 50;
	objects = {

/* Begin PBXBuildFile section */
		B7C2F08E26D4E416001904AB /* AppDelegate.m in Sources */ = {isa = PBXBuildFile; fileRef = B7C2F08D26D4E416001904AB /* AppDelegate.m */; };
		B7C2F09426D4E416001904AB /* ViewController.m in Sources */ = {isa = PBXBuildFile; fileRef = B7C2F09326D4E416001904AB /* ViewController.m */; };
		B7C2F09726D4E416001904AB /* Main.storyboard in Resources */ = {isa = PBXBuildFile; fileRef = B7C2F09526D4E416001904AB /* Main.storyboard */; };
		B7C2F09926D4E41C001904AB /* Assets.xcassets in Resources */ = {isa = PBXBuildFile; fileRef = B7C2F09826D4E41C001904AB /* Assets.xcassets */; };
		B7C2F09C26D4E41C001904AB /* LaunchScreen.storyboard in Resources */ = {isa = PBXBuildFile; fileRef = B7C2F09A26D4E41C001904AB /* LaunchScreen.storyboard */; };
		B7C2F09F26D4E41C001904AB /* main.m in Sources */ = {isa = PBXBuildFile; fileRef = B7C2F09E26D4E41C001904AB /* main.m */; };
		B7C2F0E926D4EFF0001904AB /* NewFramework.framework in Frameworks */ = {isa = PBXBuildFile; fileRef = B7C2F0E826D4EFF0001904AB /* NewFramework.framework */; };
/* End PBXBuildFile section */

/* Begin PBXFileReference section */
		B7C2F08926D4E416001904AB /* testFramework.app */ = {isa = PBXFileReference; explicitFileType = wrapper.application; includeInIndex = 0; path = testFramework.app; sourceTree = BUILT_PRODUCTS_DIR; };
		B7C2F08C26D4E416001904AB /* AppDelegate.h */ = {isa = PBXFileReference; lastKnownFileType = sourcecode.c.h; path = AppDelegate.h; sourceTree = "<group>"; };
		B7C2F08D26D4E416001904AB /* AppDelegate.m */ = {isa = PBXFileReference; lastKnownFileType = sourcecode.c.objc; path = AppDelegate.m; sourceTree = "<group>"; };
		B7C2F09226D4E416001904AB /* ViewController.h */ = {isa = PBXFileReference; lastKnownFileType = sourcecode.c.h; path = ViewController.h; sourceTree = "<group>"; };
		B7C2F09326D4E416001904AB /* ViewController.m */ = {isa = PBXFileReference; lastKnownFileType = sourcecode.c.objc; path = ViewController.m; sourceTree = "<group>"; };
		B7C2F09626D4E416001904AB /* Base */ = {isa = PBXFileReference; lastKnownFileType = file.storyboard; name = Base; path = Base.lproj/Main.storyboard; sourceTree = "<group>"; };
		B7C2F09826D4E41C001904AB /* Assets.xcassets */ = {isa = PBXFileReference; lastKnownFileType = folder.assetcatalog; path = Assets.xcassets; sourceTree = "<group>"; };
		B7C2F09B26D4E41C001904AB /* Base */ = {isa = PBXFileReference; lastKnownFileType = file.storyboard; name = Base; path = Base.lproj/LaunchScreen.storyboard; sourceTree = "<group>"; };
		B7C2F09D26D4E41C001904AB /* Info.plist */ = {isa = PBXFileReference; lastKnownFileType = text.plist.xml; path = Info.plist; sourceTree = "<group>"; };
		B7C2F09E26D4E41C001904AB /* main.m */ = {isa = PBXFileReference; lastKnownFileType = sourcecode.c.objc; path = main.m; sourceTree = "<group>"; };
		B7C2F0E826D4EFF0001904AB /* NewFramework.framework */ = {isa = PBXFileReference; lastKnownFileType = wrapper.framework; name = NewFramework.framework; path = testFramework/NewFramework.framework; sourceTree = "<group>"; };
/* End PBXFileReference section */

/* Begin PBXFrameworksBuildPhase section */
		B7C2F08626D4E416001904AB /* Frameworks */ = {
			isa = PBXFrameworksBuildPhase;
			buildActionMask = 2147483647;
			files = (
				B7C2F0E926D4EFF0001904AB /* NewFramework.framework in Frameworks */,
			);
			runOnlyForDeploymentPostprocessing = 0;
		};
/* End PBXFrameworksBuildPhase section */

/* Begin PBXGroup section */
		B7C2F08026D4E416001904AB = {
			isa = PBXGroup;
			children = (
				B7C2F08B26D4E416001904AB /* testFramework */,
				B7C2F08A26D4E416001904AB /* Products */,
				B7C2F0AA26D4E507001904AB /* Frameworks */,
			);
			sourceTree = "<group>";
		};
		B7C2F08A26D4E416001904AB /* Products */ = {
			isa = PBXGroup;
			children = (
				B7C2F08926D4E416001904AB /* testFramework.app */,
			);
			name = Products;
			sourceTree = "<group>";
		};
		B7C2F08B26D4E416001904AB /* testFramework */ = {
			isa = PBXGroup;
			children = (
				B7C2F08C26D4E416001904AB /* AppDelegate.h */,
				B7C2F08D26D4E416001904AB /* AppDelegate.m */,
				B7C2F09226D4E416001904AB /* ViewController.h */,
				B7C2F09326D4E416001904AB /* ViewController.m */,
				B7C2F09526D4E416001904AB /* Main.storyboard */,
				B7C2F09826D4E41C001904AB /* Assets.xcassets */,
				B7C2F09A26D4E41C001904AB /* LaunchScreen.storyboard */,
				B7C2F09D26D4E41C001904AB /* Info.plist */,
				B7C2F09E26D4E41C001904AB /* main.m */,
			);
			path = testFramework;
			sourceTree = "<group>";
		};
		B7C2F0AA26D4E507001904AB /* Frameworks */ = {
			isa = PBXGroup;
			children = (
				B7C2F0E826D4EFF0001904AB /* NewFramework.framework */,
			);
			name = Frameworks;
			sourceTree = "<group>";
		};
/* End PBXGroup section */

/* Begin PBXNativeTarget section */
		B7C2F08826D4E416001904AB /* testFramework */ = {
			isa = PBXNativeTarget;
			buildConfigurationList = B7C2F0A226D4E41C001904AB /* Build configuration list for PBXNativeTarget "testFramework" */;
			buildPhases = (
				B7C2F08526D4E416001904AB /* Sources */,
				B7C2F08626D4E416001904AB /* Frameworks */,
				B7C2F08726D4E416001904AB /* Resources */,
			);
			buildRules = (
			);
			dependencies = (
			);
			name = testFramework;
			productName = testFramework;
			productReference = B7C2F08926D4E416001904AB /* testFramework.app */;
			productType = "com.apple.product-type.application";
		};
/* End PBXNativeTarget section */

/* Begin PBXProject section */
		B7C2F08126D4E416001904AB /* Project object */ = {
			isa = PBXProject;
			attributes = {
				LastUpgradeCheck = 1210;
				TargetAttributes = {
					B7C2F08826D4E416001904AB = {
						CreatedOnToolsVersion = 12.1;
					};
				};
			};
			buildConfigurationList = B7C2F08426D4E416001904AB /* Build configuration list for PBXProject "testFramework" */;
			compatibilityVersion = "Xcode 9.3";
			developmentRegion = en;
			hasScannedForEncodings = 0;
			knownRegions = (
				en,
				Base,
			);
			mainGroup = B7C2F08026D4E416001904AB;
			productRefGroup = B7C2F08A26D4E416001904AB /* Products */;
			projectDirPath = "";
			projectRoot = "";
			targets = (
				B7C2F08826D4E416001904AB /* testFramework */,
			);
		};
/* End PBXProject section */

/* Begin PBXResourcesBuildPhase section */
		B7C2F08726D4E416001904AB /* Resources */ = {
			isa = PBXResourcesBuildPhase;
			buildActionMask = 2147483647;
			files = (
				B7C2F09C26D4E41C001904AB /* LaunchScreen.storyboard in Resources */,
				B7C2F09926D4E41C001904AB /* Assets.xcassets in Resources */,
				B7C2F09726D4E416001904AB /* Main.storyboard in Resources */,
			);
			runOnlyForDeploymentPostprocessing = 0;
		};
/* End PBXResourcesBuildPhase section */

/* Begin PBXSourcesBuildPhase section */
		B7C2F08526D4E416001904AB /* Sources */ = {
			isa = PBXSourcesBuildPhase;
			buildActionMask = 2147483647;
			files = (
				B7C2F09426D4E416001904AB /* ViewController.m in Sources */,
				B7C2F08E26D4E416001904AB /* AppDelegate.m in Sources */,
				B7C2F09F26D4E41C001904AB /* main.m in Sources */,
			);
			runOnlyForDeploymentPostprocessing = 0;
		};
/* End PBXSourcesBuildPhase section */

/* Begin PBXVariantGroup section */
		B7C2F09526D4E416001904AB /* Main.storyboard */ = {
			isa = PBXVariantGroup;
			children = (
				B7C2F09626D4E416001904AB /* Base */,
			);
			name = Main.storyboard;
			sourceTree = "<group>";
		};
		B7C2F09A26D4E41C001904AB /* LaunchScreen.storyboard */ = {
			isa = PBXVariantGroup;
			children = (
				B7C2F09B26D4E41C001904AB /* Base */,
			);
			name = LaunchScreen.storyboard;
			sourceTree = "<group>";
		};
/* End PBXVariantGroup section */

/* Begin XCBuildConfiguration section */
		B7C2F0A026D4E41C001904AB /* Debug */ = {
			isa = XCBuildConfiguration;
			buildSettings = {
				ALWAYS_SEARCH_USER_PATHS = NO;
				CLANG_ANALYZER_NONNULL = YES;
				CLANG_ANALYZER_NUMBER_OBJECT_CONVERSION = YES_AGGRESSIVE;
				CLANG_CXX_LANGUAGE_STANDARD = "gnu++14";
				CLANG_CXX_LIBRARY = "libc++";
				CLANG_ENABLE_MODULES = YES;
				CLANG_ENABLE_OBJC_ARC = YES;
				CLANG_ENABLE_OBJC_WEAK = YES;
				CLANG_WARN_BLOCK_CAPTURE_AUTORELEASING = YES;
				CLANG_WARN_BOOL_CONVERSION = YES;
				CLANG_WARN_COMMA = YES;
				CLANG_WARN_CONSTANT_CONVERSION = YES;
				CLANG_WARN_DEPRECATED_OBJC_IMPLEMENTATIONS = YES;
				CLANG_WARN_DIRECT_OBJC_ISA_USAGE = YES_ERROR;
				CLANG_WARN_DOCUMENTATION_COMMENTS = YES;
				CLANG_WARN_EMPTY_BODY = YES;
				CLANG_WARN_ENUM_CONVERSION = YES;
				CLANG_WARN_INFINITE_RECURSION = YES;
				CLANG_WARN_INT_CONVERSION = YES;
				CLANG_WARN_NON_LITERAL_NULL_CONVERSION = YES;
				CLANG_WARN_OBJC_IMPLICIT_RETAIN_SELF = YES;
				CLANG_WARN_OBJC_LITERAL_CONVERSION = YES;
				CLANG_WARN_OBJC_ROOT_CLASS = YES_ERROR;
				CLANG_WARN_QUOTED_INCLUDE_IN_FRAMEWORK_HEADER = YES;
				CLANG_WARN_RANGE_LOOP_ANALYSIS = YES;
				CLANG_WARN_STRICT_PROTOTYPES = YES;
				CLANG_WARN_SUSPICIOUS_MOVE = YES;
				CLANG_WARN_UNGUARDED_AVAILABILITY = YES_AGGRESSIVE;
				CLANG_WARN_UNREACHABLE_CODE = YES;
				CLANG_WARN__DUPLICATE_METHOD_MATCH = YES;
				COPY_PHASE_STRIP = NO;
				DEBUG_INFORMATION_FORMAT = dwarf;
				ENABLE_STRICT_OBJC_MSGSEND = YES;
				ENABLE_TESTABILITY = YES;
				GCC_C_LANGUAGE_STANDARD = gnu11;
				GCC_DYNAMIC_NO_PIC = NO;
				GCC_NO_COMMON_BLOCKS = YES;
				GCC_OPTIMIZATION_LEVEL = 0;
				GCC_PREPROCESSOR_DEFINITIONS = (
					"DEBUG=1",
					"$(inherited)",
				);
				GCC_WARN_64_TO_32_BIT_CONVERSION = YES;
				GCC_WARN_ABOUT_RETURN_TYPE = YES_ERROR;
				GCC_WARN_UNDECLARED_SELECTOR = YES;
				GCC_WARN_UNINITIALIZED_AUTOS = YES_AGGRESSIVE;
				GCC_WARN_UNUSED_FUNCTION = YES;
				GCC_WARN_UNUSED_VARIABLE = YES;
				IPHONEOS_DEPLOYMENT_TARGET = 14.1;
				MTL_ENABLE_DEBUG_INFO = INCLUDE_SOURCE;
				MTL_FAST_MATH = YES;
				ONLY_ACTIVE_ARCH = YES;
				SDKROOT = iphoneos;
			};
			name = Debug;
		};
		B7C2F0A126D4E41C001904AB /* Release */ = {
			isa = XCBuildConfiguration;
			buildSettings = {
				ALWAYS_SEARCH_USER_PATHS = NO;
				CLANG_ANALYZER_NONNULL = YES;
				CLANG_ANALYZER_NUMBER_OBJECT_CONVERSION = YES_AGGRESSIVE;
				CLANG_CXX_LANGUAGE_STANDARD = "gnu++14";
				CLANG_CXX_LIBRARY = "libc++";
				CLANG_ENABLE_MODULES = YES;
				CLANG_ENABLE_OBJC_ARC = YES;
				CLANG_ENABLE_OBJC_WEAK = YES;
				CLANG_WARN_BLOCK_CAPTURE_AUTORELEASING = YES;
				CLANG_WARN_BOOL_CONVERSION = YES;
				CLANG_WARN_COMMA = YES;
				CLANG_WARN_CONSTANT_CONVERSION = YES;
				CLANG_WARN_DEPRECATED_OBJC_IMPLEMENTATIONS = YES;
				CLANG_WARN_DIRECT_OBJC_ISA_USAGE = YES_ERROR;
				CLANG_WARN_DOCUMENTATION_COMMENTS = YES;
				CLANG_WARN_EMPTY_BODY = YES;
				CLANG_WARN_ENUM_CONVERSION = YES;
				CLANG_WARN_INFINITE_RECURSION = YES;
				CLANG_WARN_INT_CONVERSION = YES;
				CLANG_WARN_NON_LITERAL_NULL_CONVERSION = YES;
				CLANG_WARN_OBJC_IMPLICIT_RETAIN_SELF = YES;
				CLANG_WARN_OBJC_LITERAL_CONVERSION = YES;
				CLANG_WARN_OBJC_ROOT_CLASS = YES_ERROR;
				CLANG_WARN_QUOTED_INCLUDE_IN_FRAMEWORK_HEADER = YES;
				CLANG_WARN_RANGE_LOOP_ANALYSIS = YES;
				CLANG_WARN_STRICT_PROTOTYPES = YES;
				CLANG_WARN_SUSPICIOUS_MOVE = YES;
				CLANG_WARN_UNGUARDED_AVAILABILITY = YES_AGGRESSIVE;
				CLANG_WARN_UNREACHABLE_CODE = YES;
				CLANG_WARN__DUPLICATE_METHOD_MATCH = YES;
				COPY_PHASE_STRIP = NO;
				DEBUG_INFORMATION_FORMAT = "dwarf-with-dsym";
				ENABLE_NS_ASSERTIONS = NO;
				ENABLE_STRICT_OBJC_MSGSEND = YES;
				GCC_C_LANGUAGE_STANDARD = gnu11;
				GCC_NO_COMMON_BLOCKS = YES;
				GCC_WARN_64_TO_32_BIT_CONVERSION = YES;
				GCC_WARN_ABOUT_RETURN_TYPE = YES_ERROR;
				GCC_WARN_UNDECLARED_SELECTOR = YES;
				GCC_WARN_UNINITIALIZED_AUTOS = YES_AGGRESSIVE;
				GCC_WARN_UNUSED_FUNCTION = YES;
				GCC_WARN_UNUSED_VARIABLE = YES;
				IPHONEOS_DEPLOYMENT_TARGET = 14.1;
				MTL_ENABLE_DEBUG_INFO = NO;
				MTL_FAST_MATH = YES;
				SDKROOT = iphoneos;
				VALIDATE_PRODUCT = YES;
			};
			name = Release;
		};
		B7C2F0A326D4E41C001904AB /* Debug */ = {
			isa = XCBuildConfiguration;
			buildSettings = {
				ASSETCATALOG_COMPILER_APPICON_NAME = AppIcon;
				ASSETCATALOG_COMPILER_GLOBAL_ACCENT_COLOR_NAME = AccentColor;
				CODE_SIGN_STYLE = Automatic;
				DEVELOPMENT_TEAM = M8FV4H386F;
				FRAMEWORK_SEARCH_PATHS = (
					"$(inherited)",
					"$(PROJECT_DIR)/testFramework",
				);
				INFOPLIST_FILE = testFramework/Info.plist;
				IPHONEOS_DEPLOYMENT_TARGET = 11.0;
				LD_RUNPATH_SEARCH_PATHS = (
					"$(inherited)",
					"@executable_path/Frameworks",
				);
				OTHER_LDFLAGS = "-ObjC";
				PRODUCT_BUNDLE_IDENTIFIER = cn.gov.pbc.dcep;
				PRODUCT_NAME = "$(TARGET_NAME)";
				TARGETED_DEVICE_FAMILY = 1;
			};
			name = Debug;
		};
		B7C2F0A426D4E41C001904AB /* Release */ = {
			isa = XCBuildConfiguration;
			buildSettings = {
				ASSETCATALOG_COMPILER_APPICON_NAME = AppIcon;
				ASSETCATALOG_COMPILER_GLOBAL_ACCENT_COLOR_NAME = AccentColor;
				CODE_SIGN_STYLE = Automatic;
				DEVELOPMENT_TEAM = M8FV4H386F;
				FRAMEWORK_SEARCH_PATHS = (
					"$(inherited)",
					"$(PROJECT_DIR)/testFramework",
				);
				INFOPLIST_FILE = testFramework/Info.plist;
				IPHONEOS_DEPLOYMENT_TARGET = 11.0;
				LD_RUNPATH_SEARCH_PATHS = (
					"$(inherited)",
					"@executable_path/Frameworks",
				);
				OTHER_LDFLAGS = "-ObjC";
				PRODUCT_BUNDLE_IDENTIFIER = cn.gov.pbc.dcep;
				PRODUCT_NAME = "$(TARGET_NAME)";
				TARGETED_DEVICE_FAMILY = 1;
			};
			name = Release;
		};
/* End XCBuildConfiguration section */

/* Begin XCConfigurationList section */
		B7C2F08426D4E416001904AB /* Build configuration list for PBXProject "testFramework" */ = {
			isa = XCConfigurationList;
			buildConfigurations = (
				B7C2F0A026D4E41C001904AB /* Debug */,
				B7C2F0A126D4E41C001904AB /* Release */,
			);
			defaultConfigurationIsVisible = 0;
			defaultConfigurationName = Release;
		};
		B7C2F0A226D4E41C001904AB /* Build configuration list for PBXNativeTarget "testFramework" */ = {
			isa = XCConfigurationList;
			buildConfigurations = (
				B7C2F0A326D4E41C001904AB /* Debug */,
				B7C2F0A426D4E41C001904AB /* Release */,
			);
			defaultConfigurationIsVisible = 0;
			defaultConfigurationName = Release;
		};
/* End XCConfigurationList section */
	};
	rootObject = B7C2F08126D4E416001904AB /* Project object */;
}
